
Microsoft Visual Studio Solution File, Format Version 11.00
# Visual Studio 2010
Project("{FAE04EC0-301F-11D3-BF4B-00C04F79EFBC}") = "mirlite", "mirlite\mirlite.csproj", "{71D435BB-A50E-492F-81BD-41F3777762D8}"
EndProject
Project("{FAE04EC0-301F-11D3-BF4B-00C04F79EFBC}") = "libmirror", "libmirror\libmirror.csproj", "{69A0D6BC-9C8C-44A8-B676-0C52A62C9082}"
EndProject
Global
	GlobalSection(SolutionConfigurationPlatforms) = preSolution
		Debug|Any CPU = Debug|Any CPU
		Release|Any CPU = Release|Any CPU
	EndGlobalSection
	GlobalSection(ProjectConfigurationPlatforms) = postSolution
		{71D435BB-A50E-492F-81BD-41F3777762D8}.Debug|Any CPU.ActiveCfg = Debug|Any CPU
		{71D435BB-A50E-492F-81BD-41F3777762D8}.Debug|Any CPU.Build.0 = Debug|Any CPU
		{71D435BB-A50E-492F-81BD-41F3777762D8}.Release|Any CPU.ActiveCfg = Release|Any CPU
		{71D435BB-A50E-492F-81BD-41F3777762D8}.Release|Any CPU.Build.0 = Release|Any CPU
		{69A0D6BC-9C8C-44A8-B676-0C52A62C9082}.Debug|Any CPU.ActiveCfg = Debug|Any CPU
		{69A0D6BC-9C8C-44A8-B676-0C52A62C9082}.Debug|Any CPU.Build.0 = Debug|Any CPU
		{69A0D6BC-9C8C-44A8-B676-0C52A62C9082}.Release|Any CPU.ActiveCfg = Release|Any CPU
		{69A0D6BC-9C8C-44A8-B676-0C52A62C9082}.Release|Any CPU.Build.0 = Release|Any CPU
	EndGlobalSection
	GlobalSection(SolutionProperties) = preSolution
		HideSolutionNode = FALSE
	EndGlobalSection
EndGlobal
